{
  "name": "@bear-cli/init",
  "version": "1.0.8",
  "lockfileVersion": 2,
  "requires": true,
  "packages": {
    "": {
      "name": "@bear-cli/init",
      "version": "1.0.6",
      "license": "ISC",
      "dependencies": {
        "@bear-cli/command": "file:../../models/command"
      }
    },
    "../../models/command": {
      "version": "1.0.6",
      "license": "ISC",
      "dependencies": {
        "@bear-cli/log": "^1.0.6",
        "chalk": "^5.0.1",
        "semver": "^7.3.5"
      }
    },
    "node_modules/@bear-cli/command": {
      "resolved": "../../models/command",
      "link": true
    }
  },
  "dependencies": {
    "@bear-cli/command": {
      "version": "file:../../models/command",
      "requires": {
        "@bear-cli/log": "^1.0.6",
        "chalk": "^5.0.1",
        "semver": "^7.3.5"
      }
    }
  }
}
