{
  "name": "@bear-cli/exec",
  "version": "1.0.3",
  "lockfileVersion": 2,
  "requires": true,
  "packages": {
    "": {
      "name": "@bear-cli/exec",
      "version": "1.0.2",
      "license": "ISC",
      "dependencies": {
        "@bear-cli/log": "file:../../utils/log",
        "@bear-cli/package": "file:../../models/package"
      }
    },
    "../../models/package": {
      "version": "1.0.2",
      "license": "ISC",
      "dependencies": {
        "@bear-cli/utils": "file:../../utils/utils"
      }
    },
    "../../utils/log": {
      "name": "@bear-cli/log",
      "version": "1.0.2",
      "license": "ISC",
      "dependencies": {
        "npmlog": "^6.0.1"
      }
    },
    "node_modules/@bear-cli/log": {
      "resolved": "../../utils/log",
      "link": true
    },
    "node_modules/@bear-cli/package": {
      "resolved": "../../models/package",
      "link": true
    }
  },
  "dependencies": {
    "@bear-cli/log": {
      "version": "file:../../utils/log",
      "requires": {
        "npmlog": "^6.0.1"
      }
    },
    "@bear-cli/package": {
      "version": "file:../../models/package",
      "requires": {
        "@bear-cli/utils": "file:../../utils/utils"
      }
    }
  }
}
