{
  "name": "@bear-cli/exec",
  "version": "1.0.6",
  "lockfileVersion": 2,
  "requires": true,
  "packages": {
    "": {
      "name": "@bear-cli/exec",
      "version": "1.0.4",
      "license": "ISC",
      "dependencies": {
        "@bear-cli/log": "file:../../utils/log",
        "@bear-cli/package": "file:../../models/package",
        "@bear-cli/utils": "file:../../utils/utils"
      }
    },
    "../../models/package": {
      "name": "@bear-cli/package",
      "version": "1.0.4",
      "license": "ISC",
      "dependencies": {
        "@bear-cli/format-path": "file:../../utils/format-path",
        "@bear-cli/get-npm-info": "file:../../utils/get-npm-info",
        "@bear-cli/utils": "file:../../utils/utils",
        "fs-extra": "^10.0.1",
        "npminstall": "^5.5.0",
        "path-exists": "^4.0.0",
        "pkg-dir": "^5.0.0"
      }
    },
    "../../utils/log": {
      "name": "@bear-cli/log",
      "version": "1.0.2",
      "license": "ISC",
      "dependencies": {
        "npmlog": "^6.0.1"
      }
    },
    "../../utils/utils": {
      "name": "@bear-cli/utils",
      "version": "1.0.4",
      "license": "ISC"
    },
    "node_modules/@bear-cli/log": {
      "resolved": "../../utils/log",
      "link": true
    },
    "node_modules/@bear-cli/package": {
      "resolved": "../../models/package",
      "link": true
    },
    "node_modules/@bear-cli/utils": {
      "resolved": "../../utils/utils",
      "link": true
    }
  },
  "dependencies": {
    "@bear-cli/log": {
      "version": "file:../../utils/log",
      "requires": {
        "npmlog": "^6.0.1"
      }
    },
    "@bear-cli/package": {
      "version": "file:../../models/package",
      "requires": {
        "@bear-cli/format-path": "file:../../utils/format-path",
        "@bear-cli/get-npm-info": "file:../../utils/get-npm-info",
        "@bear-cli/utils": "file:../../utils/utils",
        "fs-extra": "^10.0.1",
        "npminstall": "^5.5.0",
        "path-exists": "^4.0.0",
        "pkg-dir": "^5.0.0"
      }
    },
    "@bear-cli/utils": {
      "version": "file:../../utils/utils"
    }
  }
}
